// !$*UTF8*$!
{
	archiveVersion = 1;
	classes = {
	};
	objectVersion = 55;
	objects = {

/* Begin PBXBuildFile section */
		54BFFA2928D85E3600B74F2C /* AppDelegate.swift in Sources */ = {isa = PBXBuildFile; fileRef = 54BFFA2828D85E3600B74F2C /* AppDelegate.swift */; };
		54BFFA2B28D85E3600B74F2C /* SceneDelegate.swift in Sources */ = {isa = PBXBuildFile; fileRef = 54BFFA2A28D85E3600B74F2C /* SceneDelegate.swift */; };
		54BFFA2D28D85E3600B74F2C /* ViewController.swift in Sources */ = {isa = PBXBuildFile; fileRef = 54BFFA2C28D85E3600B74F2C /* ViewController.swift */; };
		54BFFA3028D85E3600B74F2C /* Main.storyboard in Resources */ = {isa = PBXBuildFile; fileRef = 54BFFA2E28D85E3600B74F2C /* Main.storyboard */; };
		54BFFA3328D85E3600B74F2C /* GitHub.xcdatamodeld in Sources */ = {isa = PBXBuildFile; fileRef = 54BFFA3128D85E3600B74F2C /* GitHub.xcdatamodeld */; };
		54BFFA3528D85E3800B74F2C /* Assets.xcassets in Resources */ = {isa = PBXBuildFile; fileRef = 54BFFA3428D85E3800B74F2C /* Assets.xcassets */; };
		54BFFA3828D85E3800B74F2C /* LaunchScreen.storyboard in Resources */ = {isa = PBXBuildFile; fileRef = 54BFFA3628D85E3800B74F2C /* LaunchScreen.storyboard */; };
		54BFFA4328D85E3800B74F2C /* GitHubTests.swift in Sources */ = {isa = PBXBuildFile; fileRef = 54BFFA4228D85E3800B74F2C /* GitHubTests.swift */; };
		54BFFA4D28D85E3800B74F2C /* GitHubUITests.swift in Sources */ = {isa = PBXBuildFile; fileRef = 54BFFA4C28D85E3800B74F2C /* GitHubUITests.swift */; };
		54BFFA4F28D85E3800B74F2C /* GitHubUITestsLaunchTests.swift in Sources */ = {isa = PBXBuildFile; fileRef = 54BFFA4E28D85E3800B74F2C /* GitHubUITestsLaunchTests.swift */; };
/* End PBXBuildFile section */

/* Begin PBXContainerItemProxy section */
		54BFFA3F28D85E3800B74F2C /* PBXContainerItemProxy */ = {
			isa = PBXContainerItemProxy;
			containerPortal = 54BFFA1D28D85E3600B74F2C /* Project object */;
			proxyType = 1;
			remoteGlobalIDString = 54BFFA2428D85E3600B74F2C;
			remoteInfo = GitHub;
		};
		54BFFA4928D85E3800B74F2C /* PBXContainerItemProxy */ = {
			isa = PBXContainerItemProxy;
			containerPortal = 54BFFA1D28D85E3600B74F2C /* Project object */;
			proxyType = 1;
			remoteGlobalIDString = 54BFFA2428D85E3600B74F2C;
			remoteInfo = GitHub;
		};
/* End PBXContainerItemProxy section */

/* Begin PBXFileReference section */
		54BFFA2528D85E3600B74F2C /* GitHub.app */ = {isa = PBXFileReference; explicitFileType = wrapper.application; includeInIndex = 0; path = GitHub.app; sourceTree = BUILT_PRODUCTS_DIR; };
		54BFFA2828D85E3600B74F2C /* AppDelegate.swift */ = {isa = PBXFileReference; lastKnownFileType = sourcecode.swift; path = AppDelegate.swift; sourceTree = "<group>"; };
		54BFFA2A28D85E3600B74F2C /* SceneDelegate.swift */ = {isa = PBXFileReference; lastKnownFileType = sourcecode.swift; path = SceneDelegate.swift; sourceTree = "<group>"; };
		54BFFA2C28D85E3600B74F2C /* ViewController.swift */ = {isa = PBXFileReference; lastKnownFileType = sourcecode.swift; path = ViewController.swift; sourceTree = "<group>"; };
		54BFFA2F28D85E3600B74F2C /* Base */ = {isa = PBXFileReference; lastKnownFileType = file.storyboard; name = Base; path = Base.lproj/Main.storyboard; sourceTree = "<group>"; };
		54BFFA3228D85E3600B74F2C /* GitHub.xcdatamodel */ = {isa = PBXFileReference; lastKnownFileType = wrapper.xcdatamodel; path = GitHub.xcdatamodel; sourceTree = "<group>"; };
		54BFFA3428D85E3800B74F2C /* Assets.xcassets */ = {isa = PBXFileReference; lastKnownFileType = folder.assetcatalog; path = Assets.xcassets; sourceTree = "<group>"; };
		54BFFA3728D85E3800B74F2C /* Base */ = {isa = PBXFileReference; lastKnownFileType = file.storyboard; name = Base; path = Base.lproj/LaunchScreen.storyboard; sourceTree = "<group>"; };
		54BFFA3928D85E3800B74F2C /* Info.plist */ = {isa = PBXFileReference; lastKnownFileType = text.plist.xml; path = Info.plist; sourceTree = "<group>"; };
		54BFFA3E28D85E3800B74F2C /* GitHubTests.xctest */ = {isa = PBXFileReference; explicitFileType = wrapper.cfbundle; includeInIndex = 0; path = GitHubTests.xctest; sourceTree = BUILT_PRODUCTS_DIR; };
		54BFFA4228D85E3800B74F2C /* GitHubTests.swift */ = {isa = PBXFileReference; lastKnownFileType = sourcecode.swift; path = GitHubTests.swift; sourceTree = "<group>"; };
		54BFFA4828D85E3800B74F2C /* GitHubUITests.xctest */ = {isa = PBXFileReference; explicitFileType = wrapper.cfbundle; includeInIndex = 0; path = GitHubUITests.xctest; sourceTree = BUILT_PRODUCTS_DIR; };
		54BFFA4C28D85E3800B74F2C /* GitHubUITests.swift */ = {isa = PBXFileReference; lastKnownFileType = sourcecode.swift; path = GitHubUITests.swift; sourceTree = "<group>"; };
		54BFFA4E28D85E3800B74F2C /* GitHubUITestsLaunchTests.swift */ = {isa = PBXFileReference; lastKnownFileType = sourcecode.swift; path = GitHubUITestsLaunchTests.swift; sourceTree = "<group>"; };
/* End PBXFileReference section */

/* Begin PBXFrameworksBuildPhase section */
		54BFFA2228D85E3600B74F2C /* Frameworks */ = {
			isa = PBXFrameworksBuildPhase;
			buildActionMask = 2147483647;
			files = (
			);
			runOnlyForDeploymentPostprocessing = 0;
		};
		54BFFA3B28D85E3800B74F2C /* Frameworks */ = {
			isa = PBXFrameworksBuildPhase;
			buildActionMask = 2147483647;
			files = (
			);
			runOnlyForDeploymentPostprocessing = 0;
		};
		54BFFA4528D85E3800B74F2C /* Frameworks */ = {
			isa = PBXFrameworksBuildPhase;
			buildActionMask = 2147483647;
			files = (
			);
			runOnlyForDeploymentPostprocessing = 0;
		};
/* End PBXFrameworksBuildPhase section */

/* Begin PBXGroup section */
		54BFFA1C28D85E3600B74F2C = {
			isa = PBXGroup;
			children = (
				54BFFA2728D85E3600B74F2C /* GitHub */,
				54BFFA4128D85E3800B74F2C /* GitHubTests */,
				54BFFA4B28D85E3800B74F2C /* GitHubUITests */,
				54BFFA2628D85E3600B74F2C /* Products */,
			);
			sourceTree = "<group>";
		};
		54BFFA2628D85E3600B74F2C /* Products */ = {
			isa = PBXGroup;
			children = (
				54BFFA2528D85E3600B74F2C /* GitHub.app */,
				54BFFA3E28D85E3800B74F2C /* GitHubTests.xctest */,
				54BFFA4828D85E3800B74F2C /* GitHubUITests.xctest */,
			);
			name = Products;
			sourceTree = "<group>";
		};
		54BFFA2728D85E3600B74F2C /* GitHub */ = {
			isa = PBXGroup;
			children = (
				54BFFA2828D85E3600B74F2C /* AppDelegate.swift */,
				54BFFA2A28D85E3600B74F2C /* SceneDelegate.swift */,
				54BFFA2C28D85E3600B74F2C /* ViewController.swift */,
				54BFFA2E28D85E3600B74F2C /* Main.storyboard */,
				54BFFA3428D85E3800B74F2C /* Assets.xcassets */,
				54BFFA3628D85E3800B74F2C /* LaunchScreen.storyboard */,
				54BFFA3928D85E3800B74F2C /* Info.plist */,
				54BFFA3128D85E3600B74F2C /* GitHub.xcdatamodeld */,
			);
			path = GitHub;
			sourceTree = "<group>";
		};
		54BFFA4128D85E3800B74F2C /* GitHubTests */ = {
			isa = PBXGroup;
			children = (
				54BFFA4228D85E3800B74F2C /* GitHubTests.swift */,
			);
			path = GitHubTests;
			sourceTree = "<group>";
		};
		54BFFA4B28D85E3800B74F2C /* GitHubUITests */ = {
			isa = PBXGroup;
			children = (
				54BFFA4C28D85E3800B74F2C /* GitHubUITests.swift */,
				54BFFA4E28D85E3800B74F2C /* GitHubUITestsLaunchTests.swift */,
			);
			path = GitHubUITests;
			sourceTree = "<group>";
		};
/* End PBXGroup section */

/* Begin PBXNativeTarget section */
		54BFFA2428D85E3600B74F2C /* GitHub */ = {
			isa = PBXNativeTarget;
			buildConfigurationList = 54BFFA5228D85E3800B74F2C /* Build configuration list for PBXNativeTarget "GitHub" */;
			buildPhases = (
				54BFFA2128D85E3600B74F2C /* Sources */,
				54BFFA2228D85E3600B74F2C /* Frameworks */,
				54BFFA2328D85E3600B74F2C /* Resources */,
			);
			buildRules = (
			);
			dependencies = (
			);
			name = GitHub;
			productName = GitHub;
			productReference = 54BFFA2528D85E3600B74F2C /* GitHub.app */;
			productType = "com.apple.product-type.application";
		};
		54BFFA3D28D85E3800B74F2C /* GitHubTests */ = {
			isa = PBXNativeTarget;
			buildConfigurationList = 54BFFA5528D85E3800B74F2C /* Build configuration list for PBXNativeTarget "GitHubTests" */;
			buildPhases = (
				54BFFA3A28D85E3800B74F2C /* Sources */,
				54BFFA3B28D85E3800B74F2C /* Frameworks */,
				54BFFA3C28D85E3800B74F2C /* Resources */,
			);
			buildRules = (
			);
			dependencies = (
				54BFFA4028D85E3800B74F2C /* PBXTargetDependency */,
			);
			name = GitHubTests;
			productName = GitHubTests;
			productReference = 54BFFA3E28D85E3800B74F2C /* GitHubTests.xctest */;
			productType = "com.apple.product-type.bundle.unit-test";
		};
		54BFFA4728D85E3800B74F2C /* GitHubUITests */ = {
			isa = PBXNativeTarget;
			buildConfigurationList = 54BFFA5828D85E3800B74F2C /* Build configuration list for PBXNativeTarget "GitHubUITests" */;
			buildPhases = (
				54BFFA4428D85E3800B74F2C /* Sources */,
				54BFFA4528D85E3800B74F2C /* Frameworks */,
				54BFFA4628D85E3800B74F2C /* Resources */,
			);
			buildRules = (
			);
			dependencies = (
				54BFFA4A28D85E3800B74F2C /* PBXTargetDependency */,
			);
			name = GitHubUITests;
			productName = GitHubUITests;
			productReference = 54BFFA4828D85E3800B74F2C /* GitHubUITests.xctest */;
			productType = "com.apple.product-type.bundle.ui-testing";
		};
/* End PBXNativeTarget section */

/* Begin PBXProject section */
		54BFFA1D28D85E3600B74F2C /* Project object */ = {
			isa = PBXProject;
			attributes = {
				BuildIndependentTargetsInParallel = 1;
				LastSwiftUpdateCheck = 1340;
				LastUpgradeCheck = 1340;
				TargetAttributes = {
					54BFFA2428D85E3600B74F2C = {
						CreatedOnToolsVersion = 13.4.1;
					};
					54BFFA3D28D85E3800B74F2C = {
						CreatedOnToolsVersion = 13.4.1;
						TestTargetID = 54BFFA2428D85E3600B74F2C;
					};
					54BFFA4728D85E3800B74F2C = {
						CreatedOnToolsVersion = 13.4.1;
						TestTargetID = 54BFFA2428D85E3600B74F2C;
					};
				};
			};
			buildConfigurationList = 54BFFA2028D85E3600B74F2C /* Build configuration list for PBXProject "GitHub" */;
			compatibilityVersion = "Xcode 13.0";
			developmentRegion = en;
			hasScannedForEncodings = 0;
			knownRegions = (
				en,
				Base,
			);
			mainGroup = 54BFFA1C28D85E3600B74F2C;
			productRefGroup = 54BFFA2628D85E3600B74F2C /* Products */;
			projectDirPath = "";
			projectRoot = "";
			targets = (
				54BFFA2428D85E3600B74F2C /* GitHub */,
				54BFFA3D28D85E3800B74F2C /* GitHubTests */,
				54BFFA4728D85E3800B74F2C /* GitHubUITests */,
			);
		};
/* End PBXProject section */

/* Begin PBXResourcesBuildPhase section */
		54BFFA2328D85E3600B74F2C /* Resources */ = {
			isa = PBXResourcesBuildPhase;
			buildActionMask = 2147483647;
			files = (
				54BFFA3828D85E3800B74F2C /* LaunchScreen.storyboard in Resources */,
				54BFFA3528D85E3800B74F2C /* Assets.xcassets in Resources */,
				54BFFA3028D85E3600B74F2C /* Main.storyboard in Resources */,
			);
			runOnlyForDeploymentPostprocessing = 0;
		};
		54BFFA3C28D85E3800B74F2C /* Resources */ = {
			isa = PBXResourcesBuildPhase;
			buildActionMask = 2147483647;
			files = (
			);
			runOnlyForDeploymentPostprocessing = 0;
		};
		54BFFA4628D85E3800B74F2C /* Resources */ = {
			isa = PBXResourcesBuildPhase;
			buildActionMask = 2147483647;
			files = (
			);
			runOnlyForDeploymentPostprocessing = 0;
		};
/* End PBXResourcesBuildPhase section */

/* Begin PBXSourcesBuildPhase section */
		54BFFA2128D85E3600B74F2C /* Sources */ = {
			isa = PBXSourcesBuildPhase;
			buildActionMask = 2147483647;
			files = (
				54BFFA2D28D85E3600B74F2C /* ViewController.swift in Sources */,
				54BFFA2928D85E3600B74F2C /* AppDelegate.swift in Sources */,
				54BFFA3328D85E3600B74F2C /* GitHub.xcdatamodeld in Sources */,
				54BFFA2B28D85E3600B74F2C /* SceneDelegate.swift in Sources */,
			);
			runOnlyForDeploymentPostprocessing = 0;
		};
		54BFFA3A28D85E3800B74F2C /* Sources */ = {
			isa = PBXSourcesBuildPhase;
			buildActionMask = 2147483647;
			files = (
				54BFFA4328D85E3800B74F2C /* GitHubTests.swift in Sources */,
			);
			runOnlyForDeploymentPostprocessing = 0;
		};
		54BFFA4428D85E3800B74F2C /* Sources */ = {
			isa = PBXSourcesBuildPhase;
			buildActionMask = 2147483647;
			files = (
				54BFFA4D28D85E3800B74F2C /* GitHubUITests.swift in Sources */,
				54BFFA4F28D85E3800B74F2C /* GitHubUITestsLaunchTests.swift in Sources */,
			);
			runOnlyForDeploymentPostprocessing = 0;
		};
/* End PBXSourcesBuildPhase section */

/* Begin PBXTargetDependency section */
		54BFFA4028D85E3800B74F2C /* PBXTargetDependency */ = {
			isa = PBXTargetDependency;
			target = 54BFFA2428D85E3600B74F2C /* GitHub */;
			targetProxy = 54BFFA3F28D85E3800B74F2C /* PBXContainerItemProxy */;
		};
		54BFFA4A28D85E3800B74F2C /* PBXTargetDependency */ = {
			isa = PBXTargetDependency;
			target = 54BFFA2428D85E3600B74F2C /* GitHub */;
			targetProxy = 54BFFA4928D85E3800B74F2C /* PBXContainerItemProxy */;
		};
/* End PBXTargetDependency section */

/* Begin PBXVariantGroup section */
		54BFFA2E28D85E3600B74F2C /* Main.storyboard */ = {
			isa = PBXVariantGroup;
			children = (
				54BFFA2F28D85E3600B74F2C /* Base */,
			);
			name = Main.storyboard;
			sourceTree = "<group>";
		};
		54BFFA3628D85E3800B74F2C /* LaunchScreen.storyboard */ = {
			isa = PBXVariantGroup;
			children = (
				54BFFA3728D85E3800B74F2C /* Base */,
			);
			name = LaunchScreen.storyboard;
			sourceTree = "<group>";
		};
/* End PBXVariantGroup section */

/* Begin XCBuildConfiguration section */
		54BFFA5028D85E3800B74F2C /* Debug */ = {
			isa = XCBuildConfiguration;
			buildSettings = {
				ALWAYS_SEARCH_USER_PATHS = NO;
				CLANG_ANALYZER_NONNULL = YES;
				CLANG_ANALYZER_NUMBER_OBJECT_CONVERSION = YES_AGGRESSIVE;
				CLANG_CXX_LANGUAGE_STANDARD = "gnu++17";
				CLANG_ENABLE_MODULES = YES;
				CLANG_ENABLE_OBJC_ARC = YES;
				CLANG_ENABLE_OBJC_WEAK = YES;
				CLANG_WARN_BLOCK_CAPTURE_AUTORELEASING = YES;
				CLANG_WARN_BOOL_CONVERSION = YES;
				CLANG_WARN_COMMA = YES;
				CLANG_WARN_CONSTANT_CONVERSION = YES;
				CLANG_WARN_DEPRECATED_OBJC_IMPLEMENTATIONS = YES;
				CLANG_WARN_DIRECT_OBJC_ISA_USAGE = YES_ERROR;
				CLANG_WARN_DOCUMENTATION_COMMENTS = YES;
				CLANG_WARN_EMPTY_BODY = YES;
				CLANG_WARN_ENUM_CONVERSION = YES;
				CLANG_WARN_INFINITE_RECURSION = YES;
				CLANG_WARN_INT_CONVERSION = YES;
				CLANG_WARN_NON_LITERAL_NULL_CONVERSION = YES;
				CLANG_WARN_OBJC_IMPLICIT_RETAIN_SELF = YES;
				CLANG_WARN_OBJC_LITERAL_CONVERSION = YES;
				CLANG_WARN_OBJC_ROOT_CLASS = YES_ERROR;
				CLANG_WARN_QUOTED_INCLUDE_IN_FRAMEWORK_HEADER = YES;
				CLANG_WARN_RANGE_LOOP_ANALYSIS = YES;
				CLANG_WARN_STRICT_PROTOTYPES = YES;
				CLANG_WARN_SUSPICIOUS_MOVE = YES;
				CLANG_WARN_UNGUARDED_AVAILABILITY = YES_AGGRESSIVE;
				CLANG_WARN_UNREACHABLE_CODE = YES;
				CLANG_WARN__DUPLICATE_METHOD_MATCH = YES;
				COPY_PHASE_STRIP = NO;
				DEBUG_INFORMATION_FORMAT = dwarf;
				ENABLE_STRICT_OBJC_MSGSEND = YES;
				ENABLE_TESTABILITY = YES;
				GCC_C_LANGUAGE_STANDARD = gnu11;
				GCC_DYNAMIC_NO_PIC = NO;
				GCC_NO_COMMON_BLOCKS = YES;
				GCC_OPTIMIZATION_LEVEL = 0;
				GCC_PREPROCESSOR_DEFINITIONS = (
					"DEBUG=1",
					"$(inherited)",
				);
				GCC_WARN_64_TO_32_BIT_CONVERSION = YES;
				GCC_WARN_ABOUT_RETURN_TYPE = YES_ERROR;
				GCC_WARN_UNDECLARED_SELECTOR = YES;
				GCC_WARN_UNINITIALIZED_AUTOS = YES_AGGRESSIVE;
				GCC_WARN_UNUSED_FUNCTION = YES;
				GCC_WARN_UNUSED_VARIABLE = YES;
				IPHONEOS_DEPLOYMENT_TARGET = 15.5;
				MTL_ENABLE_DEBUG_INFO = INCLUDE_SOURCE;
				MTL_FAST_MATH = YES;
				ONLY_ACTIVE_ARCH = YES;
				SDKROOT = iphoneos;
				SWIFT_ACTIVE_COMPILATION_CONDITIONS = DEBUG;
				SWIFT_OPTIMIZATION_LEVEL = "-Onone";
			};
			name = Debug;
		};
		54BFFA5128D85E3800B74F2C /* Release */ = {
			isa = XCBuildConfiguration;
			buildSettings = {
				ALWAYS_SEARCH_USER_PATHS = NO;
				CLANG_ANALYZER_NONNULL = YES;
				CLANG_ANALYZER_NUMBER_OBJECT_CONVERSION = YES_AGGRESSIVE;
				CLANG_CXX_LANGUAGE_STANDARD = "gnu++17";
				CLANG_ENABLE_MODULES = YES;
				CLANG_ENABLE_OBJC_ARC = YES;
				CLANG_ENABLE_OBJC_WEAK = YES;
				CLANG_WARN_BLOCK_CAPTURE_AUTORELEASING = YES;
				CLANG_WARN_BOOL_CONVERSION = YES;
				CLANG_WARN_COMMA = YES;
				CLANG_WARN_CONSTANT_CONVERSION = YES;
				CLANG_WARN_DEPRECATED_OBJC_IMPLEMENTATIONS = YES;
				CLANG_WARN_DIRECT_OBJC_ISA_USAGE = YES_ERROR;
				CLANG_WARN_DOCUMENTATION_COMMENTS = YES;
				CLANG_WARN_EMPTY_BODY = YES;
				CLANG_WARN_ENUM_CONVERSION = YES;
				CLANG_WARN_INFINITE_RECURSION = YES;
				CLANG_WARN_INT_CONVERSION = YES;
				CLANG_WARN_NON_LITERAL_NULL_CONVERSION = YES;
				CLANG_WARN_OBJC_IMPLICIT_RETAIN_SELF = YES;
				CLANG_WARN_OBJC_LITERAL_CONVERSION = YES;
				CLANG_WARN_OBJC_ROOT_CLASS = YES_ERROR;
				CLANG_WARN_QUOTED_INCLUDE_IN_FRAMEWORK_HEADER = YES;
				CLANG_WARN_RANGE_LOOP_ANALYSIS = YES;
				CLANG_WARN_STRICT_PROTOTYPES = YES;
				CLANG_WARN_SUSPICIOUS_MOVE = YES;
				CLANG_WARN_UNGUARDED_AVAILABILITY = YES_AGGRESSIVE;
				CLANG_WARN_UNREACHABLE_CODE = YES;
				CLANG_WARN__DUPLICATE_METHOD_MATCH = YES;
				COPY_PHASE_STRIP = NO;
				DEBUG_INFORMATION_FORMAT = "dwarf-with-dsym";
				ENABLE_NS_ASSERTIONS = NO;
				ENABLE_STRICT_OBJC_MSGSEND = YES;
				GCC_C_LANGUAGE_STANDARD = gnu11;
				GCC_NO_COMMON_BLOCKS = YES;
				GCC_WARN_64_TO_32_BIT_CONVERSION = YES;
				GCC_WARN_ABOUT_RETURN_TYPE = YES_ERROR;
				GCC_WARN_UNDECLARED_SELECTOR = YES;
				GCC_WARN_UNINITIALIZED_AUTOS = YES_AGGRESSIVE;
				GCC_WARN_UNUSED_FUNCTION = YES;
				GCC_WARN_UNUSED_VARIABLE = YES;
				IPHONEOS_DEPLOYMENT_TARGET = 15.5;
				MTL_ENABLE_DEBUG_INFO = NO;
				MTL_FAST_MATH = YES;
				SDKROOT = iphoneos;
				SWIFT_COMPILATION_MODE = wholemodule;
				SWIFT_OPTIMIZATION_LEVEL = "-O";
				VALIDATE_PRODUCT = YES;
			};
			name = Release;
		};
		54BFFA5328D85E3800B74F2C /* Debug */ = {
			isa = XCBuildConfiguration;
			buildSettings = {
				ASSETCATALOG_COMPILER_APPICON_NAME = AppIcon;
				ASSETCATALOG_COMPILER_GLOBAL_ACCENT_COLOR_NAME = AccentColor;
				CODE_SIGN_STYLE = Automatic;
				CURRENT_PROJECT_VERSION = 1;
				GENERATE_INFOPLIST_FILE = YES;
				INFOPLIST_FILE = GitHub/Info.plist;
				INFOPLIST_KEY_UIApplicationSupportsIndirectInputEvents = YES;
				INFOPLIST_KEY_UILaunchStoryboardName = LaunchScreen;
				INFOPLIST_KEY_UIMainStoryboardFile = Main;
				INFOPLIST_KEY_UISupportedInterfaceOrientations_iPad = "UIInterfaceOrientationPortrait UIInterfaceOrientationPortraitUpsideDown UIInterfaceOrientationLandscapeLeft UIInterfaceOrientationLandscapeRight";
				INFOPLIST_KEY_UISupportedInterfaceOrientations_iPhone = "UIInterfaceOrientationPortrait UIInterfaceOrientationLandscapeLeft UIInterfaceOrientationLandscapeRight";
				LD_RUNPATH_SEARCH_PATHS = (
					"$(inherited)",
					"@executable_path/Frameworks",
				);
				MARKETING_VERSION = 1.0;
				PRODUCT_BUNDLE_IDENTIFIER = com.example.shriya.GitHub;
				PRODUCT_NAME = "$(TARGET_NAME)";
				SWIFT_EMIT_LOC_STRINGS = YES;
				SWIFT_VERSION = 5.0;
				TARGETED_DEVICE_FAMILY = "1,2";
			};
			name = Debug;
		};
		54BFFA5428D85E3800B74F2C /* Release */ = {
			isa = XCBuildConfiguration;
			buildSettings = {
				ASSETCATALOG_COMPILER_APPICON_NAME = AppIcon;
				ASSETCATALOG_COMPILER_GLOBAL_ACCENT_COLOR_NAME = AccentColor;
				CODE_SIGN_STYLE = Automatic;
				CURRENT_PROJECT_VERSION = 1;
				GENERATE_INFOPLIST_FILE = YES;
				INFOPLIST_FILE = GitHub/Info.plist;
				INFOPLIST_KEY_UIApplicationSupportsIndirectInputEvents = YES;
				INFOPLIST_KEY_UILaunchStoryboardName = LaunchScreen;
				INFOPLIST_KEY_UIMainStoryboardFile = Main;
				INFOPLIST_KEY_UISupportedInterfaceOrientations_iPad = "UIInterfaceOrientationPortrait UIInterfaceOrientationPortraitUpsideDown UIInterfaceOrientationLandscapeLeft UIInterfaceOrientationLandscapeRight";
				INFOPLIST_KEY_UISupportedInterfaceOrientations_iPhone = "UIInterfaceOrientationPortrait UIInterfaceOrientationLandscapeLeft UIInterfaceOrientationLandscapeRight";
				LD_RUNPATH_SEARCH_PATHS = (
					"$(inherited)",
					"@executable_path/Frameworks",
				);
				MARKETING_VERSION = 1.0;
				PRODUCT_BUNDLE_IDENTIFIER = com.example.shriya.GitHub;
				PRODUCT_NAME = "$(TARGET_NAME)";
				SWIFT_EMIT_LOC_STRINGS = YES;
				SWIFT_VERSION = 5.0;
				TARGETED_DEVICE_FAMILY = "1,2";
			};
			name = Release;
		};
		54BFFA5628D85E3800B74F2C /* Debug */ = {
			isa = XCBuildConfiguration;
			buildSettings = {
				ALWAYS_EMBED_SWIFT_STANDARD_LIBRARIES = YES;
				BUNDLE_LOADER = "$(TEST_HOST)";
				CODE_SIGN_STYLE = Automatic;
				CURRENT_PROJECT_VERSION = 1;
				GENERATE_INFOPLIST_FILE = YES;
				IPHONEOS_DEPLOYMENT_TARGET = 15.5;
				MARKETING_VERSION = 1.0;
				PRODUCT_BUNDLE_IDENTIFIER = com.example.shriya.GitHubTests;
				PRODUCT_NAME = "$(TARGET_NAME)";
				SWIFT_EMIT_LOC_STRINGS = NO;
				SWIFT_VERSION = 5.0;
				TARGETED_DEVICE_FAMILY = "1,2";
				TEST_HOST = "$(BUILT_PRODUCTS_DIR)/GitHub.app/GitHub";
			};
			name = Debug;
		};
		54BFFA5728D85E3800B74F2C /* Release */ = {
			isa = XCBuildConfiguration;
			buildSettings = {
				ALWAYS_EMBED_SWIFT_STANDARD_LIBRARIES = YES;
				BUNDLE_LOADER = "$(TEST_HOST)";
				CODE_SIGN_STYLE = Automatic;
				CURRENT_PROJECT_VERSION = 1;
				GENERATE_INFOPLIST_FILE = YES;
				IPHONEOS_DEPLOYMENT_TARGET = 15.5;
				MARKETING_VERSION = 1.0;
				PRODUCT_BUNDLE_IDENTIFIER = com.example.shriya.GitHubTests;
				PRODUCT_NAME = "$(TARGET_NAME)";
				SWIFT_EMIT_LOC_STRINGS = NO;
				SWIFT_VERSION = 5.0;
				TARGETED_DEVICE_FAMILY = "1,2";
				TEST_HOST = "$(BUILT_PRODUCTS_DIR)/GitHub.app/GitHub";
			};
			name = Release;
		};
		54BFFA5928D85E3800B74F2C /* Debug */ = {
			isa = XCBuildConfiguration;
			buildSettings = {
				ALWAYS_EMBED_SWIFT_STANDARD_LIBRARIES = YES;
				CODE_SIGN_STYLE = Automatic;
				CURRENT_PROJECT_VERSION = 1;
				GENERATE_INFOPLIST_FILE = YES;
				MARKETING_VERSION = 1.0;
				PRODUCT_BUNDLE_IDENTIFIER = com.example.shriya.GitHubUITests;
				PRODUCT_NAME = "$(TARGET_NAME)";
				SWIFT_EMIT_LOC_STRINGS = NO;
				SWIFT_VERSION = 5.0;
				TARGETED_DEVICE_FAMILY = "1,2";
				TEST_TARGET_NAME = GitHub;
			};
			name = Debug;
		};
		54BFFA5A28D85E3800B74F2C /* Release */ = {
			isa = XCBuildConfiguration;
			buildSettings = {
				ALWAYS_EMBED_SWIFT_STANDARD_LIBRARIES = YES;
				CODE_SIGN_STYLE = Automatic;
				CURRENT_PROJECT_VERSION = 1;
				GENERATE_INFOPLIST_FILE = YES;
				MARKETING_VERSION = 1.0;
				PRODUCT_BUNDLE_IDENTIFIER = com.example.shriya.GitHubUITests;
				PRODUCT_NAME = "$(TARGET_NAME)";
				SWIFT_EMIT_LOC_STRINGS = NO;
				SWIFT_VERSION = 5.0;
				TARGETED_DEVICE_FAMILY = "1,2";
				TEST_TARGET_NAME = GitHub;
			};
			name = Release;
		};
/* End XCBuildConfiguration section */

/* Begin XCConfigurationList section */
		54BFFA2028D85E3600B74F2C /* Build configuration list for PBXProject "GitHub" */ = {
			isa = XCConfigurationList;
			buildConfigurations = (
				54BFFA5028D85E3800B74F2C /* Debug */,
				54BFFA5128D85E3800B74F2C /* Release */,
			);
			defaultConfigurationIsVisible = 0;
			defaultConfigurationName = Release;
		};
		54BFFA5228D85E3800B74F2C /* Build configuration list for PBXNativeTarget "GitHub" */ = {
			isa = XCConfigurationList;
			buildConfigurations = (
				54BFFA5328D85E3800B74F2C /* Debug */,
				54BFFA5428D85E3800B74F2C /* Release */,
			);
			defaultConfigurationIsVisible = 0;
			defaultConfigurationName = Release;
		};
		54BFFA5528D85E3800B74F2C /* Build configuration list for PBXNativeTarget "GitHubTests" */ = {
			isa = XCConfigurationList;
			buildConfigurations = (
				54BFFA5628D85E3800B74F2C /* Debug */,
				54BFFA5728D85E3800B74F2C /* Release */,
			);
			defaultConfigurationIsVisible = 0;
			defaultConfigurationName = Release;
		};
		54BFFA5828D85E3800B74F2C /* Build configuration list for PBXNativeTarget "GitHubUITests" */ = {
			isa = XCConfigurationList;
			buildConfigurations = (
				54BFFA5928D85E3800B74F2C /* Debug */,
				54BFFA5A28D85E3800B74F2C /* Release */,
			);
			defaultConfigurationIsVisible = 0;
			defaultConfigurationName = Release;
		};
/* End XCConfigurationList section */

/* Begin XCVersionGroup section */
		54BFFA3128D85E3600B74F2C /* GitHub.xcdatamodeld */ = {
			isa = XCVersionGroup;
			children = (
				54BFFA3228D85E3600B74F2C /* GitHub.xcdatamodel */,
			);
			currentVersion = 54BFFA3228D85E3600B74F2C /* GitHub.xcdatamodel */;
			path = GitHub.xcdatamodeld;
			sourceTree = "<group>";
			versionGroupType = wrapper.xcdatamodel;
		};
/* End XCVersionGroup section */
	};
	rootObject = 54BFFA1D28D85E3600B74F2C /* Project object */;
}
